{
  "name": "poo",
  "version": "1.0.0",
  "lockfileVersion": 2,
  "requires": true,
  "packages": {
    "": {
      "name": "poo",
      "version": "1.0.0",
      "license": "ISC",
      "dependencies": {
        "-": "^0.0.1",
        "@types/prompt-sync": "^4.1.1",
        "g": "^2.0.1",
        "typescript": "^4.6.3"
      }
    },
    "node_modules/-": {
      "version": "0.0.1",
      "resolved": "https://registry.npmjs.org/-/-/--0.0.1.tgz",
      "integrity": "sha512-3HfneK3DGAm05fpyj20sT3apkNcvPpCuccOThOPdzz8sY7GgQGe0l93XH9bt+YzibcTIgUAIMoyVJI740RtgyQ=="
    },
    "node_modules/@types/prompt-sync": {
      "version": "4.1.1",
      "resolved": "https://registry.npmjs.org/@types/prompt-sync/-/prompt-sync-4.1.1.tgz",
      "integrity": "sha512-ww0S+dKSnuiO+PstYQM7yyxEkl2Y0r5lhg/g/p4ObA6m4OWsXdtuQtB+ORj/+lQ5U5OeLNNnmYVaWVB/y2JjdA=="
    },
    "node_modules/g": {
      "version": "2.0.1",
      "resolved": "https://registry.npmjs.org/g/-/g-2.0.1.tgz",
      "integrity": "sha1-C1lj69DKcOO8jGdmk0oCGCHIuFc="
    },
    "node_modules/typescript": {
      "version": "4.6.3",
      "resolved": "https://registry.npmjs.org/typescript/-/typescript-4.6.3.tgz",
      "integrity": "sha512-yNIatDa5iaofVozS/uQJEl3JRWLKKGJKh6Yaiv0GLGSuhpFJe7P3SbHZ8/yjAHRQwKRoA6YZqlfjXWmVzoVSMw==",
      "bin": {
        "tsc": "bin/tsc",
        "tsserver": "bin/tsserver"
      },
      "engines": {
        "node": ">=4.2.0"
      }
    }
  },
  "dependencies": {
    "-": {
      "version": "0.0.1",
      "resolved": "https://registry.npmjs.org/-/-/--0.0.1.tgz",
      "integrity": "sha512-3HfneK3DGAm05fpyj20sT3apkNcvPpCuccOThOPdzz8sY7GgQGe0l93XH9bt+YzibcTIgUAIMoyVJI740RtgyQ=="
    },
    "@types/prompt-sync": {
      "version": "4.1.1",
      "resolved": "https://registry.npmjs.org/@types/prompt-sync/-/prompt-sync-4.1.1.tgz",
      "integrity": "sha512-ww0S+dKSnuiO+PstYQM7yyxEkl2Y0r5lhg/g/p4ObA6m4OWsXdtuQtB+ORj/+lQ5U5OeLNNnmYVaWVB/y2JjdA=="
    },
    "g": {
      "version": "2.0.1",
      "resolved": "https://registry.npmjs.org/g/-/g-2.0.1.tgz",
      "integrity": "sha1-C1lj69DKcOO8jGdmk0oCGCHIuFc="
    },
    "typescript": {
      "version": "4.6.3",
      "resolved": "https://registry.npmjs.org/typescript/-/typescript-4.6.3.tgz",
      "integrity": "sha512-yNIatDa5iaofVozS/uQJEl3JRWLKKGJKh6Yaiv0GLGSuhpFJe7P3SbHZ8/yjAHRQwKRoA6YZqlfjXWmVzoVSMw=="
    }
  }
}
